
Microsoft Visual Studio Solution File, Format Version 12.00
# Visual Studio Version 16
VisualStudioVersion = 16.0.32802.440
MinimumVisualStudioVersion = 10.0.40219.1
Project("{FAE04EC0-301F-11D3-BF4B-00C04F79EFBC}") = "Vehicle", "Vehicle\Vehicle.csproj", "{A5205033-8EAD-40FA-A41D-C35C9578F00D}"
EndProject
Global
	GlobalSection(SolutionConfigurationPlatforms) = preSolution
		Debug|Any CPU = Debug|Any CPU
		Release|Any CPU = Release|Any CPU
	EndGlobalSection
	GlobalSection(ProjectConfigurationPlatforms) = postSolution
		{A5205033-8EAD-40FA-A41D-C35C9578F00D}.Debug|Any CPU.ActiveCfg = Debug|Any CPU
		{A5205033-8EAD-40FA-A41D-C35C9578F00D}.Debug|Any CPU.Build.0 = Debug|Any CPU
		{A5205033-8EAD-40FA-A41D-C35C9578F00D}.Release|Any CPU.ActiveCfg = Release|Any CPU
		{A5205033-8EAD-40FA-A41D-C35C9578F00D}.Release|Any CPU.Build.0 = Release|Any CPU
	EndGlobalSection
	GlobalSection(SolutionProperties) = preSolution
		HideSolutionNode = FALSE
	EndGlobalSection
	GlobalSection(ExtensibilityGlobals) = postSolution
		SolutionGuid = {BE13A2E0-1B22-4B26-BD50-06F1685A19A7}
	EndGlobalSection
EndGlobal
